
Microsoft Visual Studio Solution File, Format Version 12.00
# Visual Studio Version 17
VisualStudioVersion = 17.9.34526.213
MinimumVisualStudioVersion = 10.0.40219.1
Project("{2150E333-8FDC-42A3-9474-1A3956D46DE8}") = "Plugins", "Plugins", "{70E78548-0067-4B44-85C4-2E4073F07560}"
EndProject
Project("{9A19103F-16F7-4668-BE54-9A1E7A4F7556}") = "Musify", "Musify\Musify.csproj", "{1296EDAC-6B31-4CCD-B9E4-DB61B32643CB}"
	ProjectSection(ProjectDependencies) = postProject
		{1BCC00C4-70C3-4A0A-BB85-A6DE8343186B} = {1BCC00C4-70C3-4A0A-BB85-A6DE8343186B}
		{7F5E2C60-5C91-40AB-8754-5B18E84E076B} = {7F5E2C60-5C91-40AB-8754-5B18E84E076B}
		{D138382D-A843-421C-9293-9A259265410E} = {D138382D-A843-421C-9293-9A259265410E}
	EndProjectSection
EndProject
Project("{9A19103F-16F7-4668-BE54-9A1E7A4F7556}") = "Musify.Plugins", "Plugins\Musify.Plugins\Musify.Plugins.csproj", "{9032EE8D-987F-4753-ABE5-4A2F62A822E4}"
EndProject
Project("{9A19103F-16F7-4668-BE54-9A1E7A4F7556}") = "Musify.PlatformSupport.Spotify", "Plugins\Musify.PlatformSupport.Spotify\Musify.PlatformSupport.Spotify.csproj", "{D138382D-A843-421C-9293-9A259265410E}"
EndProject
Project("{9A19103F-16F7-4668-BE54-9A1E7A4F7556}") = "Musify.PlatformSupport.YouTube", "Plugins\Musify.PlatformSupport.YouTube\Musify.PlatformSupport.YouTube.csproj", "{1BCC00C4-70C3-4A0A-BB85-A6DE8343186B}"
EndProject
Project("{9A19103F-16F7-4668-BE54-9A1E7A4F7556}") = "Musify.Metadata.Default", "Plugins\Musify.Metadata.Default\Musify.Metadata.Default.csproj", "{7F5E2C60-5C91-40AB-8754-5B18E84E076B}"
EndProject
Global
	GlobalSection(SolutionConfigurationPlatforms) = preSolution
		Debug|Any CPU = Debug|Any CPU
		Debug|ARM64 = Debug|ARM64
		Debug|x64 = Debug|x64
		Debug|x86 = Debug|x86
		Release|Any CPU = Release|Any CPU
		Release|ARM64 = Release|ARM64
		Release|x64 = Release|x64
		Release|x86 = Release|x86
	EndGlobalSection
	GlobalSection(ProjectConfigurationPlatforms) = postSolution
		{1296EDAC-6B31-4CCD-B9E4-DB61B32643CB}.Debug|Any CPU.ActiveCfg = Debug|x64
		{1296EDAC-6B31-4CCD-B9E4-DB61B32643CB}.Debug|Any CPU.Build.0 = Debug|x64
		{1296EDAC-6B31-4CCD-B9E4-DB61B32643CB}.Debug|ARM64.ActiveCfg = Debug|ARM64
		{1296EDAC-6B31-4CCD-B9E4-DB61B32643CB}.Debug|ARM64.Build.0 = Debug|ARM64
		{1296EDAC-6B31-4CCD-B9E4-DB61B32643CB}.Debug|ARM64.Deploy.0 = Debug|ARM64
		{1296EDAC-6B31-4CCD-B9E4-DB61B32643CB}.Debug|x64.ActiveCfg = Debug|x64
		{1296EDAC-6B31-4CCD-B9E4-DB61B32643CB}.Debug|x64.Build.0 = Debug|x64
		{1296EDAC-6B31-4CCD-B9E4-DB61B32643CB}.Debug|x64.Deploy.0 = Debug|x64
		{1296EDAC-6B31-4CCD-B9E4-DB61B32643CB}.Debug|x86.ActiveCfg = Debug|x86
		{1296EDAC-6B31-4CCD-B9E4-DB61B32643CB}.Debug|x86.Build.0 = Debug|x86
		{1296EDAC-6B31-4CCD-B9E4-DB61B32643CB}.Debug|x86.Deploy.0 = Debug|x86
		{1296EDAC-6B31-4CCD-B9E4-DB61B32643CB}.Release|Any CPU.ActiveCfg = Release|x64
		{1296EDAC-6B31-4CCD-B9E4-DB61B32643CB}.Release|Any CPU.Build.0 = Release|x64
		{1296EDAC-6B31-4CCD-B9E4-DB61B32643CB}.Release|ARM64.ActiveCfg = Release|ARM64
		{1296EDAC-6B31-4CCD-B9E4-DB61B32643CB}.Release|ARM64.Build.0 = Release|ARM64
		{1296EDAC-6B31-4CCD-B9E4-DB61B32643CB}.Release|ARM64.Deploy.0 = Release|ARM64
		{1296EDAC-6B31-4CCD-B9E4-DB61B32643CB}.Release|x64.ActiveCfg = Release|x64
		{1296EDAC-6B31-4CCD-B9E4-DB61B32643CB}.Release|x64.Build.0 = Release|x64
		{1296EDAC-6B31-4CCD-B9E4-DB61B32643CB}.Release|x64.Deploy.0 = Release|x64
		{1296EDAC-6B31-4CCD-B9E4-DB61B32643CB}.Release|x86.ActiveCfg = Release|x86
		{1296EDAC-6B31-4CCD-B9E4-DB61B32643CB}.Release|x86.Build.0 = Release|x86
		{1296EDAC-6B31-4CCD-B9E4-DB61B32643CB}.Release|x86.Deploy.0 = Release|x86
		{9032EE8D-987F-4753-ABE5-4A2F62A822E4}.Debug|Any CPU.ActiveCfg = Debug|Any CPU
		{9032EE8D-987F-4753-ABE5-4A2F62A822E4}.Debug|Any CPU.Build.0 = Debug|Any CPU
		{9032EE8D-987F-4753-ABE5-4A2F62A822E4}.Debug|ARM64.ActiveCfg = Debug|Any CPU
		{9032EE8D-987F-4753-ABE5-4A2F62A822E4}.Debug|ARM64.Build.0 = Debug|Any CPU
		{9032EE8D-987F-4753-ABE5-4A2F62A822E4}.Debug|x64.ActiveCfg = Debug|Any CPU
		{9032EE8D-987F-4753-ABE5-4A2F62A822E4}.Debug|x64.Build.0 = Debug|Any CPU
		{9032EE8D-987F-4753-ABE5-4A2F62A822E4}.Debug|x86.ActiveCfg = Debug|Any CPU
		{9032EE8D-987F-4753-ABE5-4A2F62A822E4}.Debug|x86.Build.0 = Debug|Any CPU
		{9032EE8D-987F-4753-ABE5-4A2F62A822E4}.Release|Any CPU.ActiveCfg = Release|Any CPU
		{9032EE8D-987F-4753-ABE5-4A2F62A822E4}.Release|Any CPU.Build.0 = Release|Any CPU
		{9032EE8D-987F-4753-ABE5-4A2F62A822E4}.Release|ARM64.ActiveCfg = Release|Any CPU
		{9032EE8D-987F-4753-ABE5-4A2F62A822E4}.Release|ARM64.Build.0 = Release|Any CPU
		{9032EE8D-987F-4753-ABE5-4A2F62A822E4}.Release|x64.ActiveCfg = Release|Any CPU
		{9032EE8D-987F-4753-ABE5-4A2F62A822E4}.Release|x64.Build.0 = Release|Any CPU
		{9032EE8D-987F-4753-ABE5-4A2F62A822E4}.Release|x86.ActiveCfg = Release|Any CPU
		{9032EE8D-987F-4753-ABE5-4A2F62A822E4}.Release|x86.Build.0 = Release|Any CPU
		{D138382D-A843-421C-9293-9A259265410E}.Debug|Any CPU.ActiveCfg = Debug|Any CPU
		{D138382D-A843-421C-9293-9A259265410E}.Debug|Any CPU.Build.0 = Debug|Any CPU
		{D138382D-A843-421C-9293-9A259265410E}.Debug|ARM64.ActiveCfg = Debug|Any CPU
		{D138382D-A843-421C-9293-9A259265410E}.Debug|ARM64.Build.0 = Debug|Any CPU
		{D138382D-A843-421C-9293-9A259265410E}.Debug|x64.ActiveCfg = Debug|Any CPU
		{D138382D-A843-421C-9293-9A259265410E}.Debug|x64.Build.0 = Debug|Any CPU
		{D138382D-A843-421C-9293-9A259265410E}.Debug|x86.ActiveCfg = Debug|Any CPU
		{D138382D-A843-421C-9293-9A259265410E}.Debug|x86.Build.0 = Debug|Any CPU
		{D138382D-A843-421C-9293-9A259265410E}.Release|Any CPU.ActiveCfg = Release|Any CPU
		{D138382D-A843-421C-9293-9A259265410E}.Release|Any CPU.Build.0 = Release|Any CPU
		{D138382D-A843-421C-9293-9A259265410E}.Release|ARM64.ActiveCfg = Release|Any CPU
		{D138382D-A843-421C-9293-9A259265410E}.Release|ARM64.Build.0 = Release|Any CPU
		{D138382D-A843-421C-9293-9A259265410E}.Release|x64.ActiveCfg = Release|Any CPU
		{D138382D-A843-421C-9293-9A259265410E}.Release|x64.Build.0 = Release|Any CPU
		{D138382D-A843-421C-9293-9A259265410E}.Release|x86.ActiveCfg = Release|Any CPU
		{D138382D-A843-421C-9293-9A259265410E}.Release|x86.Build.0 = Release|Any CPU
		{1BCC00C4-70C3-4A0A-BB85-A6DE8343186B}.Debug|Any CPU.ActiveCfg = Debug|Any CPU
		{1BCC00C4-70C3-4A0A-BB85-A6DE8343186B}.Debug|Any CPU.Build.0 = Debug|Any CPU
		{1BCC00C4-70C3-4A0A-BB85-A6DE8343186B}.Debug|ARM64.ActiveCfg = Debug|Any CPU
		{1BCC00C4-70C3-4A0A-BB85-A6DE8343186B}.Debug|ARM64.Build.0 = Debug|Any CPU
		{1BCC00C4-70C3-4A0A-BB85-A6DE8343186B}.Debug|x64.ActiveCfg = Debug|Any CPU
		{1BCC00C4-70C3-4A0A-BB85-A6DE8343186B}.Debug|x64.Build.0 = Debug|Any CPU
		{1BCC00C4-70C3-4A0A-BB85-A6DE8343186B}.Debug|x86.ActiveCfg = Debug|Any CPU
		{1BCC00C4-70C3-4A0A-BB85-A6DE8343186B}.Debug|x86.Build.0 = Debug|Any CPU
		{1BCC00C4-70C3-4A0A-BB85-A6DE8343186B}.Release|Any CPU.ActiveCfg = Release|Any CPU
		{1BCC00C4-70C3-4A0A-BB85-A6DE8343186B}.Release|Any CPU.Build.0 = Release|Any CPU
		{1BCC00C4-70C3-4A0A-BB85-A6DE8343186B}.Release|ARM64.ActiveCfg = Release|Any CPU
		{1BCC00C4-70C3-4A0A-BB85-A6DE8343186B}.Release|ARM64.Build.0 = Release|Any CPU
		{1BCC00C4-70C3-4A0A-BB85-A6DE8343186B}.Release|x64.ActiveCfg = Release|Any CPU
		{1BCC00C4-70C3-4A0A-BB85-A6DE8343186B}.Release|x64.Build.0 = Release|Any CPU
		{1BCC00C4-70C3-4A0A-BB85-A6DE8343186B}.Release|x86.ActiveCfg = Release|Any CPU
		{1BCC00C4-70C3-4A0A-BB85-A6DE8343186B}.Release|x86.Build.0 = Release|Any CPU
		{7F5E2C60-5C91-40AB-8754-5B18E84E076B}.Debug|Any CPU.ActiveCfg = Debug|Any CPU
		{7F5E2C60-5C91-40AB-8754-5B18E84E076B}.Debug|Any CPU.Build.0 = Debug|Any CPU
		{7F5E2C60-5C91-40AB-8754-5B18E84E076B}.Debug|ARM64.ActiveCfg = Debug|Any CPU
		{7F5E2C60-5C91-40AB-8754-5B18E84E076B}.Debug|ARM64.Build.0 = Debug|Any CPU
		{7F5E2C60-5C91-40AB-8754-5B18E84E076B}.Debug|x64.ActiveCfg = Debug|Any CPU
		{7F5E2C60-5C91-40AB-8754-5B18E84E076B}.Debug|x64.Build.0 = Debug|Any CPU
		{7F5E2C60-5C91-40AB-8754-5B18E84E076B}.Debug|x86.ActiveCfg = Debug|Any CPU
		{7F5E2C60-5C91-40AB-8754-5B18E84E076B}.Debug|x86.Build.0 = Debug|Any CPU
		{7F5E2C60-5C91-40AB-8754-5B18E84E076B}.Release|Any CPU.ActiveCfg = Release|Any CPU
		{7F5E2C60-5C91-40AB-8754-5B18E84E076B}.Release|Any CPU.Build.0 = Release|Any CPU
		{7F5E2C60-5C91-40AB-8754-5B18E84E076B}.Release|ARM64.ActiveCfg = Release|Any CPU
		{7F5E2C60-5C91-40AB-8754-5B18E84E076B}.Release|ARM64.Build.0 = Release|Any CPU
		{7F5E2C60-5C91-40AB-8754-5B18E84E076B}.Release|x64.ActiveCfg = Release|Any CPU
		{7F5E2C60-5C91-40AB-8754-5B18E84E076B}.Release|x64.Build.0 = Release|Any CPU
		{7F5E2C60-5C91-40AB-8754-5B18E84E076B}.Release|x86.ActiveCfg = Release|Any CPU
		{7F5E2C60-5C91-40AB-8754-5B18E84E076B}.Release|x86.Build.0 = Release|Any CPU
	EndGlobalSection
	GlobalSection(SolutionProperties) = preSolution
		HideSolutionNode = FALSE
	EndGlobalSection
	GlobalSection(NestedProjects) = preSolution
		{9032EE8D-987F-4753-ABE5-4A2F62A822E4} = {70E78548-0067-4B44-85C4-2E4073F07560}
		{D138382D-A843-421C-9293-9A259265410E} = {70E78548-0067-4B44-85C4-2E4073F07560}
		{1BCC00C4-70C3-4A0A-BB85-A6DE8343186B} = {70E78548-0067-4B44-85C4-2E4073F07560}
		{7F5E2C60-5C91-40AB-8754-5B18E84E076B} = {70E78548-0067-4B44-85C4-2E4073F07560}
	EndGlobalSection
	GlobalSection(ExtensibilityGlobals) = postSolution
		SolutionGuid = {7BEBFC7C-FC29-47E5-B49B-76662A18855C}
	EndGlobalSection
EndGlobal
